{
  "name": "FinalProject",
  "lockfileVersion": 3,
  "requires": true,
  "packages": {
    "": {
      "dependencies": {
        "chart.js": "^4.4.2",
        "swiper": "^11.1.1",
        "tabulator-tables": "^6.2.1"
      }
    },
    "node_modules/@kurkle/color": {
      "version": "0.3.2",
      "resolved": "https://registry.npmjs.org/@kurkle/color/-/color-0.3.2.tgz",
      "integrity": "sha512-fuscdXJ9G1qb7W8VdHi+IwRqij3lBkosAm4ydQtEmbY58OzHXqQhvlxqEkoz0yssNVn38bcpRWgA9PP+OGoisw=="
    },
    "node_modules/chart.js": {
      "version": "4.4.2",
      "resolved": "https://registry.npmjs.org/chart.js/-/chart.js-4.4.2.tgz",
      "integrity": "sha512-6GD7iKwFpP5kbSD4MeRRRlTnQvxfQREy36uEtm1hzHzcOqwWx0YEHuspuoNlslu+nciLIB7fjjsHkUv/FzFcOg==",
      "dependencies": {
        "@kurkle/color": "^0.3.0"
      },
      "engines": {
        "pnpm": ">=8"
      }
    },
    "node_modules/swiper": {
      "version": "11.1.1",
      "resolved": "https://registry.npmjs.org/swiper/-/swiper-11.1.1.tgz",
      "integrity": "sha512-jGmEA/fNz1lACIcY4/40ggm1Gcyv+EUivmgV/Jd2WFPsEJhbWXnRAwzZR8OPjkBLtDxmzcoYG/iiAMWfRs0YKQ==",
      "funding": [
        {
          "type": "patreon",
          "url": "https://www.patreon.com/swiperjs"
        },
        {
          "type": "open_collective",
          "url": "http://opencollective.com/swiper"
        }
      ],
      "engines": {
        "node": ">= 4.7.0"
      }
    },
    "node_modules/tabulator-tables": {
      "version": "6.2.1",
      "resolved": "https://registry.npmjs.org/tabulator-tables/-/tabulator-tables-6.2.1.tgz",
      "integrity": "sha512-iCyLUzE9xEesEWqHDzNgShr6fpIIsRXnvTSDxiEti3sVbVYwlRt5HTBnXsl8bxY+4p64Rxxdlk9jT3voNLcIZQ=="
    }
  }
}
